
Microsoft Visual Studio Solution File, Format Version 12.00
Project("{FAE04EC0-301F-11D3-BF4B-00C04F79EFBC}") = "webapi-school", "webapi-school\webapi-school.csproj", "{F095C799-6DC3-4B5A-AD39-C242D04124F2}"
EndProject
Project("{FAE04EC0-301F-11D3-BF4B-00C04F79EFBC}") = "webapi-school-test", "webapi-school-test\webapi-school-test.csproj", "{EB81270A-D18B-4408-AF0C-77810301EFC8}"
EndProject
Global
	GlobalSection(SolutionConfigurationPlatforms) = preSolution
		Debug|Any CPU = Debug|Any CPU
		Release|Any CPU = Release|Any CPU
	EndGlobalSection
	GlobalSection(ProjectConfigurationPlatforms) = postSolution
		{F095C799-6DC3-4B5A-AD39-C242D04124F2}.Debug|Any CPU.ActiveCfg = Debug|Any CPU
		{F095C799-6DC3-4B5A-AD39-C242D04124F2}.Debug|Any CPU.Build.0 = Debug|Any CPU
		{F095C799-6DC3-4B5A-AD39-C242D04124F2}.Release|Any CPU.ActiveCfg = Release|Any CPU
		{F095C799-6DC3-4B5A-AD39-C242D04124F2}.Release|Any CPU.Build.0 = Release|Any CPU
		{EB81270A-D18B-4408-AF0C-77810301EFC8}.Debug|Any CPU.ActiveCfg = Debug|Any CPU
		{EB81270A-D18B-4408-AF0C-77810301EFC8}.Debug|Any CPU.Build.0 = Debug|Any CPU
		{EB81270A-D18B-4408-AF0C-77810301EFC8}.Release|Any CPU.ActiveCfg = Release|Any CPU
		{EB81270A-D18B-4408-AF0C-77810301EFC8}.Release|Any CPU.Build.0 = Release|Any CPU
	EndGlobalSection
EndGlobal
